
Microsoft Visual Studio Solution File, Format Version 12.00
# Visual Studio Version 16
VisualStudioVersion = 16.0.33529.622
MinimumVisualStudioVersion = 10.0.40219.1
Project("{FAE04EC0-301F-11D3-BF4B-00C04F79EFBC}") = "Digital2Achieve", "Digital2Achieve\Digital2Achieve.csproj", "{7BF82A6B-5667-4D83-BAB2-77424449EF13}"
EndProject
Global
	GlobalSection(SolutionConfigurationPlatforms) = preSolution
		Debug|Any CPU = Debug|Any CPU
		Release|Any CPU = Release|Any CPU
	EndGlobalSection
	GlobalSection(ProjectConfigurationPlatforms) = postSolution
		{7BF82A6B-5667-4D83-BAB2-77424449EF13}.Debug|Any CPU.ActiveCfg = Debug|Any CPU
		{7BF82A6B-5667-4D83-BAB2-77424449EF13}.Debug|Any CPU.Build.0 = Debug|Any CPU
		{7BF82A6B-5667-4D83-BAB2-77424449EF13}.Release|Any CPU.ActiveCfg = Release|Any CPU
		{7BF82A6B-5667-4D83-BAB2-77424449EF13}.Release|Any CPU.Build.0 = Release|Any CPU
	EndGlobalSection
	GlobalSection(SolutionProperties) = preSolution
		HideSolutionNode = FALSE
	EndGlobalSection
	GlobalSection(ExtensibilityGlobals) = postSolution
		SolutionGuid = {7BA9BFFC-E5A3-463C-8FF0-875670BD9152}
	EndGlobalSection
EndGlobal
